// !$*UTF8*$!
{
	archiveVersion = 1;
	classes = {
	};
	objectVersion = 77;
	objects = {

/* Begin PBXBuildFile section */
		E39556002F193A3E0017CAC8 /* NotesStorage.swift in Sources */ = {isa = PBXBuildFile; fileRef = E39555FF2F193A340017CAC8 /* NotesStorage.swift */; };
		E39556022F193B790017CAC8 /* AddNoteViewModel.swift in Sources */ = {isa = PBXBuildFile; fileRef = E39556012F193B6E0017CAC8 /* AddNoteViewModel.swift */; };
		E39556062F193BAF0017CAC8 /* AddNoteView.swift in Sources */ = {isa = PBXBuildFile; fileRef = E39556052F193BA80017CAC8 /* AddNoteView.swift */; };
		E39556092F1944780017CAC8 /* WeatherIconManager.swift in Sources */ = {isa = PBXBuildFile; fileRef = E39556082F19446F0017CAC8 /* WeatherIconManager.swift */; };
		E3B7A6E42F18EF8A0033BCA8 /* ContentView.swift in Sources */ = {isa = PBXBuildFile; fileRef = E3B7A6E12F18EF8A0033BCA8 /* ContentView.swift */; };
		E3B7A6E52F18EF8A0033BCA8 /* WeatherNotesApp.swift in Sources */ = {isa = PBXBuildFile; fileRef = E3B7A6E22F18EF8A0033BCA8 /* WeatherNotesApp.swift */; };
		E3B7A6E62F18EF8A0033BCA8 /* Assets.xcassets in Resources */ = {isa = PBXBuildFile; fileRef = E3B7A6E02F18EF8A0033BCA8 /* Assets.xcassets */; };
		E3B7A6EC2F18EFDE0033BCA8 /* .gitignore in Resources */ = {isa = PBXBuildFile; fileRef = E3B7A6EB2F18EFD10033BCA8 /* .gitignore */; };
		E3B7A6EE2F18F6750033BCA8 /* WeatherError.swift in Sources */ = {isa = PBXBuildFile; fileRef = E3B7A6ED2F18F6630033BCA8 /* WeatherError.swift */; };
		E3B7A6F02F18F7160033BCA8 /* NetworkClient.swift in Sources */ = {isa = PBXBuildFile; fileRef = E3B7A6EF2F18F6FD0033BCA8 /* NetworkClient.swift */; };
		E3B7A6F22F18F7480033BCA8 /* OpenWeatherDTO.swift in Sources */ = {isa = PBXBuildFile; fileRef = E3B7A6F12F18F73E0033BCA8 /* OpenWeatherDTO.swift */; };
		E3B7A6F42F18F7780033BCA8 /* WeatherSnapshot.swift in Sources */ = {isa = PBXBuildFile; fileRef = E3B7A6F32F18F76C0033BCA8 /* WeatherSnapshot.swift */; };
		E3B7A6F62F18F7A00033BCA8 /* WeatherService.swift in Sources */ = {isa = PBXBuildFile; fileRef = E3B7A6F52F18F7860033BCA8 /* WeatherService.swift */; };
		E3B7A6F82F18F8B20033BCA8 /* Secrets.plist in Resources */ = {isa = PBXBuildFile; fileRef = E3B7A6F72F18F8990033BCA8 /* Secrets.plist */; };
		E3B7A7012F18FAED0033BCA8 /* Secrets.swift in Sources */ = {isa = PBXBuildFile; fileRef = E3B7A7002F18FAE70033BCA8 /* Secrets.swift */; };
		E3B7A71F2F19388C0033BCA8 /* Note.swift in Sources */ = {isa = PBXBuildFile; fileRef = E3B7A71E2F1938890033BCA8 /* Note.swift */; };
/* End PBXBuildFile section */

/* Begin PBXFileReference section */
		E39555FF2F193A340017CAC8 /* NotesStorage.swift */ = {isa = PBXFileReference; lastKnownFileType = sourcecode.swift; path = NotesStorage.swift; sourceTree = "<group>"; };
		E39556012F193B6E0017CAC8 /* AddNoteViewModel.swift */ = {isa = PBXFileReference; lastKnownFileType = sourcecode.swift; path = AddNoteViewModel.swift; sourceTree = "<group>"; };
		E39556052F193BA80017CAC8 /* AddNoteView.swift */ = {isa = PBXFileReference; lastKnownFileType = sourcecode.swift; path = AddNoteView.swift; sourceTree = "<group>"; };
		E39556082F19446F0017CAC8 /* WeatherIconManager.swift */ = {isa = PBXFileReference; lastKnownFileType = sourcecode.swift; path = WeatherIconManager.swift; sourceTree = "<group>"; };
		E3B7A6D22F18EF7D0033BCA8 /* WeatherNotes.app */ = {isa = PBXFileReference; explicitFileType = wrapper.application; includeInIndex = 0; path = WeatherNotes.app; sourceTree = BUILT_PRODUCTS_DIR; };
		E3B7A6E02F18EF8A0033BCA8 /* Assets.xcassets */ = {isa = PBXFileReference; lastKnownFileType = folder.assetcatalog; path = Assets.xcassets; sourceTree = "<group>"; };
		E3B7A6E12F18EF8A0033BCA8 /* ContentView.swift */ = {isa = PBXFileReference; lastKnownFileType = sourcecode.swift; path = ContentView.swift; sourceTree = "<group>"; };
		E3B7A6E22F18EF8A0033BCA8 /* WeatherNotesApp.swift */ = {isa = PBXFileReference; lastKnownFileType = sourcecode.swift; path = WeatherNotesApp.swift; sourceTree = "<group>"; };
		E3B7A6EB2F18EFD10033BCA8 /* .gitignore */ = {isa = PBXFileReference; lastKnownFileType = text; path = .gitignore; sourceTree = "<group>"; };
		E3B7A6ED2F18F6630033BCA8 /* WeatherError.swift */ = {isa = PBXFileReference; lastKnownFileType = sourcecode.swift; path = WeatherError.swift; sourceTree = "<group>"; };
		E3B7A6EF2F18F6FD0033BCA8 /* NetworkClient.swift */ = {isa = PBXFileReference; lastKnownFileType = sourcecode.swift; path = NetworkClient.swift; sourceTree = "<group>"; };
		E3B7A6F12F18F73E0033BCA8 /* OpenWeatherDTO.swift */ = {isa = PBXFileReference; lastKnownFileType = sourcecode.swift; path = OpenWeatherDTO.swift; sourceTree = "<group>"; };
		E3B7A6F32F18F76C0033BCA8 /* WeatherSnapshot.swift */ = {isa = PBXFileReference; lastKnownFileType = sourcecode.swift; path = WeatherSnapshot.swift; sourceTree = "<group>"; };
		E3B7A6F52F18F7860033BCA8 /* WeatherService.swift */ = {isa = PBXFileReference; lastKnownFileType = sourcecode.swift; path = WeatherService.swift; sourceTree = "<group>"; };
		E3B7A6F72F18F8990033BCA8 /* Secrets.plist */ = {isa = PBXFileReference; lastKnownFileType = text.plist.xml; path = Secrets.plist; sourceTree = "<group>"; };
		E3B7A7002F18FAE70033BCA8 /* Secrets.swift */ = {isa = PBXFileReference; lastKnownFileType = sourcecode.swift; path = Secrets.swift; sourceTree = "<group>"; };
		E3B7A71E2F1938890033BCA8 /* Note.swift */ = {isa = PBXFileReference; lastKnownFileType = sourcecode.swift; path = Note.swift; sourceTree = "<group>"; };
/* End PBXFileReference section */

/* Begin PBXFrameworksBuildPhase section */
		E3B7A6CF2F18EF7D0033BCA8 /* Frameworks */ = {
			isa = PBXFrameworksBuildPhase;
			buildActionMask = 2147483647;
			files = (
			);
			runOnlyForDeploymentPostprocessing = 0;
		};
/* End PBXFrameworksBuildPhase section */

/* Begin PBXGroup section */
		E39556072F19445C0017CAC8 /* Components */ = {
			isa = PBXGroup;
			children = (
				E39556082F19446F0017CAC8 /* WeatherIconManager.swift */,
			);
			path = Components;
			sourceTree = "<group>";
		};
		E3B7A6C92F18EF7D0033BCA8 = {
			isa = PBXGroup;
			children = (
				E3B7A6E32F18EF8A0033BCA8 /* WeatherNotes */,
				E3B7A6D32F18EF7D0033BCA8 /* Products */,
			);
			sourceTree = "<group>";
		};
		E3B7A6D32F18EF7D0033BCA8 /* Products */ = {
			isa = PBXGroup;
			children = (
				E3B7A6D22F18EF7D0033BCA8 /* WeatherNotes.app */,
			);
			name = Products;
			sourceTree = "<group>";
		};
		E3B7A6E32F18EF8A0033BCA8 /* WeatherNotes */ = {
			isa = PBXGroup;
			children = (
				E3B7A6EA2F18EFAF0033BCA8 /* Services */,
				E3B7A6E92F18EFA60033BCA8 /* ViewModels */,
				E3B7A6E82F18EF990033BCA8 /* Views */,
				E3B7A6E72F18EF8F0033BCA8 /* Models */,
				E3B7A6E02F18EF8A0033BCA8 /* Assets.xcassets */,
				E3B7A6E22F18EF8A0033BCA8 /* WeatherNotesApp.swift */,
				E3B7A6EB2F18EFD10033BCA8 /* .gitignore */,
				E3B7A6F72F18F8990033BCA8 /* Secrets.plist */,
			);
			path = WeatherNotes;
			sourceTree = "<group>";
		};
		E3B7A6E72F18EF8F0033BCA8 /* Models */ = {
			isa = PBXGroup;
			children = (
				E3B7A71E2F1938890033BCA8 /* Note.swift */,
				E3B7A6F32F18F76C0033BCA8 /* WeatherSnapshot.swift */,
				E3B7A6F12F18F73E0033BCA8 /* OpenWeatherDTO.swift */,
			);
			path = Models;
			sourceTree = "<group>";
		};
		E3B7A6E82F18EF990033BCA8 /* Views */ = {
			isa = PBXGroup;
			children = (
				E39556072F19445C0017CAC8 /* Components */,
				E39556052F193BA80017CAC8 /* AddNoteView.swift */,
				E3B7A6E12F18EF8A0033BCA8 /* ContentView.swift */,
			);
			path = Views;
			sourceTree = "<group>";
		};
		E3B7A6E92F18EFA60033BCA8 /* ViewModels */ = {
			isa = PBXGroup;
			children = (
				E39556012F193B6E0017CAC8 /* AddNoteViewModel.swift */,
			);
			path = ViewModels;
			sourceTree = "<group>";
		};
		E3B7A6EA2F18EFAF0033BCA8 /* Services */ = {
			isa = PBXGroup;
			children = (
				E39555FF2F193A340017CAC8 /* NotesStorage.swift */,
				E3B7A7002F18FAE70033BCA8 /* Secrets.swift */,
				E3B7A6F52F18F7860033BCA8 /* WeatherService.swift */,
				E3B7A6EF2F18F6FD0033BCA8 /* NetworkClient.swift */,
				E3B7A6ED2F18F6630033BCA8 /* WeatherError.swift */,
			);
			path = Services;
			sourceTree = "<group>";
		};
/* End PBXGroup section */

/* Begin PBXNativeTarget section */
		E3B7A6D12F18EF7D0033BCA8 /* WeatherNotes */ = {
			isa = PBXNativeTarget;
			buildConfigurationList = E3B7A6DD2F18EF800033BCA8 /* Build configuration list for PBXNativeTarget "WeatherNotes" */;
			buildPhases = (
				E3B7A6CE2F18EF7D0033BCA8 /* Sources */,
				E3B7A6CF2F18EF7D0033BCA8 /* Frameworks */,
				E3B7A6D02F18EF7D0033BCA8 /* Resources */,
			);
			buildRules = (
			);
			dependencies = (
			);
			name = WeatherNotes;
			packageProductDependencies = (
			);
			productName = WeatherNotes;
			productReference = E3B7A6D22F18EF7D0033BCA8 /* WeatherNotes.app */;
			productType = "com.apple.product-type.application";
		};
/* End PBXNativeTarget section */

/* Begin PBXProject section */
		E3B7A6CA2F18EF7D0033BCA8 /* Project object */ = {
			isa = PBXProject;
			attributes = {
				BuildIndependentTargetsInParallel = 1;
				LastSwiftUpdateCheck = 2620;
				LastUpgradeCheck = 2620;
				TargetAttributes = {
					E3B7A6D12F18EF7D0033BCA8 = {
						CreatedOnToolsVersion = 26.2;
					};
				};
			};
			buildConfigurationList = E3B7A6CD2F18EF7D0033BCA8 /* Build configuration list for PBXProject "WeatherNotes" */;
			developmentRegion = en;
			hasScannedForEncodings = 0;
			knownRegions = (
				en,
				Base,
			);
			mainGroup = E3B7A6C92F18EF7D0033BCA8;
			minimizedProjectReferenceProxies = 1;
			preferredProjectObjectVersion = 77;
			productRefGroup = E3B7A6D32F18EF7D0033BCA8 /* Products */;
			projectDirPath = "";
			projectRoot = "";
			targets = (
				E3B7A6D12F18EF7D0033BCA8 /* WeatherNotes */,
			);
		};
/* End PBXProject section */

/* Begin PBXResourcesBuildPhase section */
		E3B7A6D02F18EF7D0033BCA8 /* Resources */ = {
			isa = PBXResourcesBuildPhase;
			buildActionMask = 2147483647;
			files = (
				E3B7A6EC2F18EFDE0033BCA8 /* .gitignore in Resources */,
				E3B7A6F82F18F8B20033BCA8 /* Secrets.plist in Resources */,
				E3B7A6E62F18EF8A0033BCA8 /* Assets.xcassets in Resources */,
			);
			runOnlyForDeploymentPostprocessing = 0;
		};
/* End PBXResourcesBuildPhase section */

/* Begin PBXSourcesBuildPhase section */
		E3B7A6CE2F18EF7D0033BCA8 /* Sources */ = {
			isa = PBXSourcesBuildPhase;
			buildActionMask = 2147483647;
			files = (
				E3B7A6E42F18EF8A0033BCA8 /* ContentView.swift in Sources */,
				E39556002F193A3E0017CAC8 /* NotesStorage.swift in Sources */,
				E3B7A7012F18FAED0033BCA8 /* Secrets.swift in Sources */,
				E39556092F1944780017CAC8 /* WeatherIconManager.swift in Sources */,
				E3B7A6F22F18F7480033BCA8 /* OpenWeatherDTO.swift in Sources */,
				E3B7A6F42F18F7780033BCA8 /* WeatherSnapshot.swift in Sources */,
				E3B7A6EE2F18F6750033BCA8 /* WeatherError.swift in Sources */,
				E39556062F193BAF0017CAC8 /* AddNoteView.swift in Sources */,
				E3B7A71F2F19388C0033BCA8 /* Note.swift in Sources */,
				E3B7A6E52F18EF8A0033BCA8 /* WeatherNotesApp.swift in Sources */,
				E3B7A6F02F18F7160033BCA8 /* NetworkClient.swift in Sources */,
				E3B7A6F62F18F7A00033BCA8 /* WeatherService.swift in Sources */,
				E39556022F193B790017CAC8 /* AddNoteViewModel.swift in Sources */,
			);
			runOnlyForDeploymentPostprocessing = 0;
		};
/* End PBXSourcesBuildPhase section */

/* Begin XCBuildConfiguration section */
		E3B7A6DB2F18EF800033BCA8 /* Debug */ = {
			isa = XCBuildConfiguration;
			buildSettings = {
				ALWAYS_SEARCH_USER_PATHS = NO;
				ASSETCATALOG_COMPILER_GENERATE_SWIFT_ASSET_SYMBOL_EXTENSIONS = YES;
				CLANG_ANALYZER_NONNULL = YES;
				CLANG_ANALYZER_NUMBER_OBJECT_CONVERSION = YES_AGGRESSIVE;
				CLANG_CXX_LANGUAGE_STANDARD = "gnu++20";
				CLANG_ENABLE_MODULES = YES;
				CLANG_ENABLE_OBJC_ARC = YES;
				CLANG_ENABLE_OBJC_WEAK = YES;
				CLANG_WARN_BLOCK_CAPTURE_AUTORELEASING = YES;
				CLANG_WARN_BOOL_CONVERSION = YES;
				CLANG_WARN_COMMA = YES;
				CLANG_WARN_CONSTANT_CONVERSION = YES;
				CLANG_WARN_DEPRECATED_OBJC_IMPLEMENTATIONS = YES;
				CLANG_WARN_DIRECT_OBJC_ISA_USAGE = YES_ERROR;
				CLANG_WARN_DOCUMENTATION_COMMENTS = YES;
				CLANG_WARN_EMPTY_BODY = YES;
				CLANG_WARN_ENUM_CONVERSION = YES;
				CLANG_WARN_INFINITE_RECURSION = YES;
				CLANG_WARN_INT_CONVERSION = YES;
				CLANG_WARN_NON_LITERAL_NULL_CONVERSION = YES;
				CLANG_WARN_OBJC_IMPLICIT_RETAIN_SELF = YES;
				CLANG_WARN_OBJC_LITERAL_CONVERSION = YES;
				CLANG_WARN_OBJC_ROOT_CLASS = YES_ERROR;
				CLANG_WARN_QUOTED_INCLUDE_IN_FRAMEWORK_HEADER = YES;
				CLANG_WARN_RANGE_LOOP_ANALYSIS = YES;
				CLANG_WARN_STRICT_PROTOTYPES = YES;
				CLANG_WARN_SUSPICIOUS_MOVE = YES;
				CLANG_WARN_UNGUARDED_AVAILABILITY = YES_AGGRESSIVE;
				CLANG_WARN_UNREACHABLE_CODE = YES;
				CLANG_WARN__DUPLICATE_METHOD_MATCH = YES;
				COPY_PHASE_STRIP = NO;
				DEBUG_INFORMATION_FORMAT = dwarf;
				DEVELOPMENT_TEAM = 588RYPH5AD;
				ENABLE_STRICT_OBJC_MSGSEND = YES;
				ENABLE_TESTABILITY = YES;
				ENABLE_USER_SCRIPT_SANDBOXING = YES;
				GCC_C_LANGUAGE_STANDARD = gnu17;
				GCC_DYNAMIC_NO_PIC = NO;
				GCC_NO_COMMON_BLOCKS = YES;
				GCC_OPTIMIZATION_LEVEL = 0;
				GCC_PREPROCESSOR_DEFINITIONS = (
					"DEBUG=1",
					"$(inherited)",
				);
				GCC_WARN_64_TO_32_BIT_CONVERSION = YES;
				GCC_WARN_ABOUT_RETURN_TYPE = YES_ERROR;
				GCC_WARN_UNDECLARED_SELECTOR = YES;
				GCC_WARN_UNINITIALIZED_AUTOS = YES_AGGRESSIVE;
				GCC_WARN_UNUSED_FUNCTION = YES;
				GCC_WARN_UNUSED_VARIABLE = YES;
				IPHONEOS_DEPLOYMENT_TARGET = 26.2;
				LOCALIZATION_PREFERS_STRING_CATALOGS = YES;
				MTL_ENABLE_DEBUG_INFO = INCLUDE_SOURCE;
				MTL_FAST_MATH = YES;
				ONLY_ACTIVE_ARCH = YES;
				SDKROOT = iphoneos;
				SWIFT_ACTIVE_COMPILATION_CONDITIONS = "DEBUG $(inherited)";
				SWIFT_OPTIMIZATION_LEVEL = "-Onone";
			};
			name = Debug;
		};
		E3B7A6DC2F18EF800033BCA8 /* Release */ = {
			isa = XCBuildConfiguration;
			buildSettings = {
				ALWAYS_SEARCH_USER_PATHS = NO;
				ASSETCATALOG_COMPILER_GENERATE_SWIFT_ASSET_SYMBOL_EXTENSIONS = YES;
				CLANG_ANALYZER_NONNULL = YES;
				CLANG_ANALYZER_NUMBER_OBJECT_CONVERSION = YES_AGGRESSIVE;
				CLANG_CXX_LANGUAGE_STANDARD = "gnu++20";
				CLANG_ENABLE_MODULES = YES;
				CLANG_ENABLE_OBJC_ARC = YES;
				CLANG_ENABLE_OBJC_WEAK = YES;
				CLANG_WARN_BLOCK_CAPTURE_AUTORELEASING = YES;
				CLANG_WARN_BOOL_CONVERSION = YES;
				CLANG_WARN_COMMA = YES;
				CLANG_WARN_CONSTANT_CONVERSION = YES;
				CLANG_WARN_DEPRECATED_OBJC_IMPLEMENTATIONS = YES;
				CLANG_WARN_DIRECT_OBJC_ISA_USAGE = YES_ERROR;
				CLANG_WARN_DOCUMENTATION_COMMENTS = YES;
				CLANG_WARN_EMPTY_BODY = YES;
				CLANG_WARN_ENUM_CONVERSION = YES;
				CLANG_WARN_INFINITE_RECURSION = YES;
				CLANG_WARN_INT_CONVERSION = YES;
				CLANG_WARN_NON_LITERAL_NULL_CONVERSION = YES;
				CLANG_WARN_OBJC_IMPLICIT_RETAIN_SELF = YES;
				CLANG_WARN_OBJC_LITERAL_CONVERSION = YES;
				CLANG_WARN_OBJC_ROOT_CLASS = YES_ERROR;
				CLANG_WARN_QUOTED_INCLUDE_IN_FRAMEWORK_HEADER = YES;
				CLANG_WARN_RANGE_LOOP_ANALYSIS = YES;
				CLANG_WARN_STRICT_PROTOTYPES = YES;
				CLANG_WARN_SUSPICIOUS_MOVE = YES;
				CLANG_WARN_UNGUARDED_AVAILABILITY = YES_AGGRESSIVE;
				CLANG_WARN_UNREACHABLE_CODE = YES;
				CLANG_WARN__DUPLICATE_METHOD_MATCH = YES;
				COPY_PHASE_STRIP = NO;
				DEBUG_INFORMATION_FORMAT = "dwarf-with-dsym";
				DEVELOPMENT_TEAM = 588RYPH5AD;
				ENABLE_NS_ASSERTIONS = NO;
				ENABLE_STRICT_OBJC_MSGSEND = YES;
				ENABLE_USER_SCRIPT_SANDBOXING = YES;
				GCC_C_LANGUAGE_STANDARD = gnu17;
				GCC_NO_COMMON_BLOCKS = YES;
				GCC_WARN_64_TO_32_BIT_CONVERSION = YES;
				GCC_WARN_ABOUT_RETURN_TYPE = YES_ERROR;
				GCC_WARN_UNDECLARED_SELECTOR = YES;
				GCC_WARN_UNINITIALIZED_AUTOS = YES_AGGRESSIVE;
				GCC_WARN_UNUSED_FUNCTION = YES;
				GCC_WARN_UNUSED_VARIABLE = YES;
				IPHONEOS_DEPLOYMENT_TARGET = 26.2;
				LOCALIZATION_PREFERS_STRING_CATALOGS = YES;
				MTL_ENABLE_DEBUG_INFO = NO;
				MTL_FAST_MATH = YES;
				SDKROOT = iphoneos;
				SWIFT_COMPILATION_MODE = wholemodule;
				VALIDATE_PRODUCT = YES;
			};
			name = Release;
		};
		E3B7A6DE2F18EF800033BCA8 /* Debug */ = {
			isa = XCBuildConfiguration;
			buildSettings = {
				ASSETCATALOG_COMPILER_APPICON_NAME = AppIcon;
				ASSETCATALOG_COMPILER_GLOBAL_ACCENT_COLOR_NAME = AccentColor;
				CODE_SIGN_STYLE = Automatic;
				CURRENT_PROJECT_VERSION = 1;
				DEVELOPMENT_TEAM = 588RYPH5AD;
				ENABLE_PREVIEWS = YES;
				GENERATE_INFOPLIST_FILE = YES;
				INFOPLIST_KEY_UIApplicationSceneManifest_Generation = YES;
				INFOPLIST_KEY_UIApplicationSupportsIndirectInputEvents = YES;
				INFOPLIST_KEY_UILaunchScreen_Generation = YES;
				INFOPLIST_KEY_UISupportedInterfaceOrientations_iPad = "UIInterfaceOrientationPortrait UIInterfaceOrientationPortraitUpsideDown UIInterfaceOrientationLandscapeLeft UIInterfaceOrientationLandscapeRight";
				INFOPLIST_KEY_UISupportedInterfaceOrientations_iPhone = "UIInterfaceOrientationPortrait UIInterfaceOrientationLandscapeLeft UIInterfaceOrientationLandscapeRight";
				LD_RUNPATH_SEARCH_PATHS = (
					"$(inherited)",
					"@executable_path/Frameworks",
				);
				MARKETING_VERSION = 1.0;
				PRODUCT_BUNDLE_IDENTIFIER = com.vikusyusichka.WeatherNotes;
				PRODUCT_NAME = "$(TARGET_NAME)";
				STRING_CATALOG_GENERATE_SYMBOLS = YES;
				SWIFT_APPROACHABLE_CONCURRENCY = YES;
				SWIFT_DEFAULT_ACTOR_ISOLATION = MainActor;
				SWIFT_EMIT_LOC_STRINGS = YES;
				SWIFT_UPCOMING_FEATURE_MEMBER_IMPORT_VISIBILITY = YES;
				SWIFT_VERSION = 5.0;
				TARGETED_DEVICE_FAMILY = "1,2";
			};
			name = Debug;
		};
		E3B7A6DF2F18EF800033BCA8 /* Release */ = {
			isa = XCBuildConfiguration;
			buildSettings = {
				ASSETCATALOG_COMPILER_APPICON_NAME = AppIcon;
				ASSETCATALOG_COMPILER_GLOBAL_ACCENT_COLOR_NAME = AccentColor;
				CODE_SIGN_STYLE = Automatic;
				CURRENT_PROJECT_VERSION = 1;
				DEVELOPMENT_TEAM = 588RYPH5AD;
				ENABLE_PREVIEWS = YES;
				GENERATE_INFOPLIST_FILE = YES;
				INFOPLIST_KEY_UIApplicationSceneManifest_Generation = YES;
				INFOPLIST_KEY_UIApplicationSupportsIndirectInputEvents = YES;
				INFOPLIST_KEY_UILaunchScreen_Generation = YES;
				INFOPLIST_KEY_UISupportedInterfaceOrientations_iPad = "UIInterfaceOrientationPortrait UIInterfaceOrientationPortraitUpsideDown UIInterfaceOrientationLandscapeLeft UIInterfaceOrientationLandscapeRight";
				INFOPLIST_KEY_UISupportedInterfaceOrientations_iPhone = "UIInterfaceOrientationPortrait UIInterfaceOrientationLandscapeLeft UIInterfaceOrientationLandscapeRight";
				LD_RUNPATH_SEARCH_PATHS = (
					"$(inherited)",
					"@executable_path/Frameworks",
				);
				MARKETING_VERSION = 1.0;
				PRODUCT_BUNDLE_IDENTIFIER = com.vikusyusichka.WeatherNotes;
				PRODUCT_NAME = "$(TARGET_NAME)";
				STRING_CATALOG_GENERATE_SYMBOLS = YES;
				SWIFT_APPROACHABLE_CONCURRENCY = YES;
				SWIFT_DEFAULT_ACTOR_ISOLATION = MainActor;
				SWIFT_EMIT_LOC_STRINGS = YES;
				SWIFT_UPCOMING_FEATURE_MEMBER_IMPORT_VISIBILITY = YES;
				SWIFT_VERSION = 5.0;
				TARGETED_DEVICE_FAMILY = "1,2";
			};
			name = Release;
		};
/* End XCBuildConfiguration section */

/* Begin XCConfigurationList section */
		E3B7A6CD2F18EF7D0033BCA8 /* Build configuration list for PBXProject "WeatherNotes" */ = {
			isa = XCConfigurationList;
			buildConfigurations = (
				E3B7A6DB2F18EF800033BCA8 /* Debug */,
				E3B7A6DC2F18EF800033BCA8 /* Release */,
			);
			defaultConfigurationIsVisible = 0;
			defaultConfigurationName = Release;
		};
		E3B7A6DD2F18EF800033BCA8 /* Build configuration list for PBXNativeTarget "WeatherNotes" */ = {
			isa = XCConfigurationList;
			buildConfigurations = (
				E3B7A6DE2F18EF800033BCA8 /* Debug */,
				E3B7A6DF2F18EF800033BCA8 /* Release */,
			);
			defaultConfigurationIsVisible = 0;
			defaultConfigurationName = Release;
		};
/* End XCConfigurationList section */
	};
	rootObject = E3B7A6CA2F18EF7D0033BCA8 /* Project object */;
}
